
Microsoft Visual Studio Solution File, Format Version 12.00
# Visual Studio Version 17
VisualStudioVersion = 17.9.34902.65
MinimumVisualStudioVersion = 10.0.40219.1
Project("{FAE04EC0-301F-11D3-BF4B-00C04F79EFBC}") = "eTicketsUpdated", "eTicketsUpdated\eTicketsUpdated.csproj", "{88CB0C2F-8705-4284-996F-4FEE42F7E4CB}"
EndProject
Global
	GlobalSection(SolutionConfigurationPlatforms) = preSolution
		Debug|Any CPU = Debug|Any CPU
		Release|Any CPU = Release|Any CPU
	EndGlobalSection
	GlobalSection(ProjectConfigurationPlatforms) = postSolution
		{88CB0C2F-8705-4284-996F-4FEE42F7E4CB}.Debug|Any CPU.ActiveCfg = Debug|Any CPU
		{88CB0C2F-8705-4284-996F-4FEE42F7E4CB}.Debug|Any CPU.Build.0 = Debug|Any CPU
		{88CB0C2F-8705-4284-996F-4FEE42F7E4CB}.Release|Any CPU.ActiveCfg = Release|Any CPU
		{88CB0C2F-8705-4284-996F-4FEE42F7E4CB}.Release|Any CPU.Build.0 = Release|Any CPU
	EndGlobalSection
	GlobalSection(SolutionProperties) = preSolution
		HideSolutionNode = FALSE
	EndGlobalSection
	GlobalSection(ExtensibilityGlobals) = postSolution
		SolutionGuid = {50CC5435-4603-4645-814B-55CEB52B600C}
	EndGlobalSection
EndGlobal
